// !$*UTF8*$!
{
	archiveVersion = 1;
	classes = {
	};
	objectVersion = 46;
	objects = {

/* Begin PBXBuildFile section */
		2EC953EA1A38D4FC00238ABD /* AppDelegate.swift in Sources */ = {isa = PBXBuildFile; fileRef = 2EC953E91A38D4FC00238ABD /* AppDelegate.swift */; };
		2EC953ED1A38D4FC00238ABD /* Sjovaderprognos.xcdatamodeld in Sources */ = {isa = PBXBuildFile; fileRef = 2EC953EB1A38D4FC00238ABD /* Sjovaderprognos.xcdatamodeld */; };
		2EC953EF1A38D4FC00238ABD /* AreasViewController.swift in Sources */ = {isa = PBXBuildFile; fileRef = 2EC953EE1A38D4FC00238ABD /* AreasViewController.swift */; };
		2EC953F21A38D4FC00238ABD /* Main.storyboard in Resources */ = {isa = PBXBuildFile; fileRef = 2EC953F01A38D4FC00238ABD /* Main.storyboard */; };
		2EC953F41A38D4FC00238ABD /* Images.xcassets in Resources */ = {isa = PBXBuildFile; fileRef = 2EC953F31A38D4FC00238ABD /* Images.xcassets */; };
		2EC953F71A38D4FC00238ABD /* LaunchScreen.xib in Resources */ = {isa = PBXBuildFile; fileRef = 2EC953F51A38D4FC00238ABD /* LaunchScreen.xib */; };
		2EC954031A38D4FC00238ABD /* SjovaderprognosTests.swift in Sources */ = {isa = PBXBuildFile; fileRef = 2EC954021A38D4FC00238ABD /* SjovaderprognosTests.swift */; };
/* End PBXBuildFile section */

/* Begin PBXContainerItemProxy section */
		2EC953FD1A38D4FC00238ABD /* PBXContainerItemProxy */ = {
			isa = PBXContainerItemProxy;
			containerPortal = 2EC953DC1A38D4FC00238ABD /* Project object */;
			proxyType = 1;
			remoteGlobalIDString = 2EC953E31A38D4FC00238ABD;
			remoteInfo = Sjovaderprognos;
		};
/* End PBXContainerItemProxy section */

/* Begin PBXFileReference section */
		2EC953E41A38D4FC00238ABD /* Sjovaderprognos.app */ = {isa = PBXFileReference; explicitFileType = wrapper.application; includeInIndex = 0; path = Sjovaderprognos.app; sourceTree = BUILT_PRODUCTS_DIR; };
		2EC953E81A38D4FC00238ABD /* Info.plist */ = {isa = PBXFileReference; lastKnownFileType = text.plist.xml; path = Info.plist; sourceTree = "<group>"; };
		2EC953E91A38D4FC00238ABD /* AppDelegate.swift */ = {isa = PBXFileReference; lastKnownFileType = sourcecode.swift; path = AppDelegate.swift; sourceTree = "<group>"; };
		2EC953EC1A38D4FC00238ABD /* Sjovaderprognos.xcdatamodel */ = {isa = PBXFileReference; lastKnownFileType = wrapper.xcdatamodel; path = Sjovaderprognos.xcdatamodel; sourceTree = "<group>"; };
		2EC953EE1A38D4FC00238ABD /* AreasViewController.swift */ = {isa = PBXFileReference; lastKnownFileType = sourcecode.swift; path = AreasViewController.swift; sourceTree = "<group>"; };
		2EC953F11A38D4FC00238ABD /* Base */ = {isa = PBXFileReference; lastKnownFileType = file.storyboard; name = Base; path = Base.lproj/Main.storyboard; sourceTree = "<group>"; };
		2EC953F31A38D4FC00238ABD /* Images.xcassets */ = {isa = PBXFileReference; lastKnownFileType = folder.assetcatalog; path = Images.xcassets; sourceTree = "<group>"; };
		2EC953F61A38D4FC00238ABD /* Base */ = {isa = PBXFileReference; lastKnownFileType = file.xib; name = Base; path = Base.lproj/LaunchScreen.xib; sourceTree = "<group>"; };
		2EC953FC1A38D4FC00238ABD /* SjovaderprognosTests.xctest */ = {isa = PBXFileReference; explicitFileType = wrapper.cfbundle; includeInIndex = 0; path = SjovaderprognosTests.xctest; sourceTree = BUILT_PRODUCTS_DIR; };
		2EC954011A38D4FC00238ABD /* Info.plist */ = {isa = PBXFileReference; lastKnownFileType = text.plist.xml; path = Info.plist; sourceTree = "<group>"; };
		2EC954021A38D4FC00238ABD /* SjovaderprognosTests.swift */ = {isa = PBXFileReference; lastKnownFileType = sourcecode.swift; path = SjovaderprognosTests.swift; sourceTree = "<group>"; };
/* End PBXFileReference section */

/* Begin PBXFrameworksBuildPhase section */
		2EC953E11A38D4FC00238ABD /* Frameworks */ = {
			isa = PBXFrameworksBuildPhase;
			buildActionMask = 2147483647;
			files = (
			);
			runOnlyForDeploymentPostprocessing = 0;
		};
		2EC953F91A38D4FC00238ABD /* Frameworks */ = {
			isa = PBXFrameworksBuildPhase;
			buildActionMask = 2147483647;
			files = (
			);
			runOnlyForDeploymentPostprocessing = 0;
		};
/* End PBXFrameworksBuildPhase section */

/* Begin PBXGroup section */
		2EC953DB1A38D4FC00238ABD = {
			isa = PBXGroup;
			children = (
				2EC953E61A38D4FC00238ABD /* Sjovaderprognos */,
				2EC953FF1A38D4FC00238ABD /* SjovaderprognosTests */,
				2EC953E51A38D4FC00238ABD /* Products */,
			);
			sourceTree = "<group>";
		};
		2EC953E51A38D4FC00238ABD /* Products */ = {
			isa = PBXGroup;
			children = (
				2EC953E41A38D4FC00238ABD /* Sjovaderprognos.app */,
				2EC953FC1A38D4FC00238ABD /* SjovaderprognosTests.xctest */,
			);
			name = Products;
			sourceTree = "<group>";
		};
		2EC953E61A38D4FC00238ABD /* Sjovaderprognos */ = {
			isa = PBXGroup;
			children = (
				2EC953E91A38D4FC00238ABD /* AppDelegate.swift */,
				2EC953EE1A38D4FC00238ABD /* AreasViewController.swift */,
				2EC953F01A38D4FC00238ABD /* Main.storyboard */,
				2EC953F31A38D4FC00238ABD /* Images.xcassets */,
				2EC953F51A38D4FC00238ABD /* LaunchScreen.xib */,
				2EC953EB1A38D4FC00238ABD /* Sjovaderprognos.xcdatamodeld */,
				2EC953E71A38D4FC00238ABD /* Supporting Files */,
			);
			path = Sjovaderprognos;
			sourceTree = "<group>";
		};
		2EC953E71A38D4FC00238ABD /* Supporting Files */ = {
			isa = PBXGroup;
			children = (
				2EC953E81A38D4FC00238ABD /* Info.plist */,
			);
			name = "Supporting Files";
			sourceTree = "<group>";
		};
		2EC953FF1A38D4FC00238ABD /* SjovaderprognosTests */ = {
			isa = PBXGroup;
			children = (
				2EC954021A38D4FC00238ABD /* SjovaderprognosTests.swift */,
				2EC954001A38D4FC00238ABD /* Supporting Files */,
			);
			path = SjovaderprognosTests;
			sourceTree = "<group>";
		};
		2EC954001A38D4FC00238ABD /* Supporting Files */ = {
			isa = PBXGroup;
			children = (
				2EC954011A38D4FC00238ABD /* Info.plist */,
			);
			name = "Supporting Files";
			sourceTree = "<group>";
		};
/* End PBXGroup section */

/* Begin PBXNativeTarget section */
		2EC953E31A38D4FC00238ABD /* Sjovaderprognos */ = {
			isa = PBXNativeTarget;
			buildConfigurationList = 2EC954061A38D4FC00238ABD /* Build configuration list for PBXNativeTarget "Sjovaderprognos" */;
			buildPhases = (
				2EC953E01A38D4FC00238ABD /* Sources */,
				2EC953E11A38D4FC00238ABD /* Frameworks */,
				2EC953E21A38D4FC00238ABD /* Resources */,
			);
			buildRules = (
			);
			dependencies = (
			);
			name = Sjovaderprognos;
			productName = Sjovaderprognos;
			productReference = 2EC953E41A38D4FC00238ABD /* Sjovaderprognos.app */;
			productType = "com.apple.product-type.application";
		};
		2EC953FB1A38D4FC00238ABD /* SjovaderprognosTests */ = {
			isa = PBXNativeTarget;
			buildConfigurationList = 2EC954091A38D4FC00238ABD /* Build configuration list for PBXNativeTarget "SjovaderprognosTests" */;
			buildPhases = (
				2EC953F81A38D4FC00238ABD /* Sources */,
				2EC953F91A38D4FC00238ABD /* Frameworks */,
				2EC953FA1A38D4FC00238ABD /* Resources */,
			);
			buildRules = (
			);
			dependencies = (
				2EC953FE1A38D4FC00238ABD /* PBXTargetDependency */,
			);
			name = SjovaderprognosTests;
			productName = SjovaderprognosTests;
			productReference = 2EC953FC1A38D4FC00238ABD /* SjovaderprognosTests.xctest */;
			productType = "com.apple.product-type.bundle.unit-test";
		};
/* End PBXNativeTarget section */

/* Begin PBXProject section */
		2EC953DC1A38D4FC00238ABD /* Project object */ = {
			isa = PBXProject;
			attributes = {
				LastUpgradeCheck = 0610;
				ORGANIZATIONNAME = "Per Jansson";
				TargetAttributes = {
					2EC953E31A38D4FC00238ABD = {
						CreatedOnToolsVersion = 6.1.1;
					};
					2EC953FB1A38D4FC00238ABD = {
						CreatedOnToolsVersion = 6.1.1;
						TestTargetID = 2EC953E31A38D4FC00238ABD;
					};
				};
			};
			buildConfigurationList = 2EC953DF1A38D4FC00238ABD /* Build configuration list for PBXProject "Sjovaderprognos" */;
			compatibilityVersion = "Xcode 3.2";
			developmentRegion = English;
			hasScannedForEncodings = 0;
			knownRegions = (
				en,
				Base,
			);
			mainGroup = 2EC953DB1A38D4FC00238ABD;
			productRefGroup = 2EC953E51A38D4FC00238ABD /* Products */;
			projectDirPath = "";
			projectRoot = "";
			targets = (
				2EC953E31A38D4FC00238ABD /* Sjovaderprognos */,
				2EC953FB1A38D4FC00238ABD /* SjovaderprognosTests */,
			);
		};
/* End PBXProject section */

/* Begin PBXResourcesBuildPhase section */
		2EC953E21A38D4FC00238ABD /* Resources */ = {
			isa = PBXResourcesBuildPhase;
			buildActionMask = 2147483647;
			files = (
				2EC953F21A38D4FC00238ABD /* Main.storyboard in Resources */,
				2EC953F71A38D4FC00238ABD /* LaunchScreen.xib in Resources */,
				2EC953F41A38D4FC00238ABD /* Images.xcassets in Resources */,
			);
			runOnlyForDeploymentPostprocessing = 0;
		};
		2EC953FA1A38D4FC00238ABD /* Resources */ = {
			isa = PBXResourcesBuildPhase;
			buildActionMask = 2147483647;
			files = (
			);
			runOnlyForDeploymentPostprocessing = 0;
		};
/* End PBXResourcesBuildPhase section */

/* Begin PBXSourcesBuildPhase section */
		2EC953E01A38D4FC00238ABD /* Sources */ = {
			isa = PBXSourcesBuildPhase;
			buildActionMask = 2147483647;
			files = (
				2EC953EF1A38D4FC00238ABD /* AreasViewController.swift in Sources */,
				2EC953ED1A38D4FC00238ABD /* Sjovaderprognos.xcdatamodeld in Sources */,
				2EC953EA1A38D4FC00238ABD /* AppDelegate.swift in Sources */,
			);
			runOnlyForDeploymentPostprocessing = 0;
		};
		2EC953F81A38D4FC00238ABD /* Sources */ = {
			isa = PBXSourcesBuildPhase;
			buildActionMask = 2147483647;
			files = (
				2EC954031A38D4FC00238ABD /* SjovaderprognosTests.swift in Sources */,
			);
			runOnlyForDeploymentPostprocessing = 0;
		};
/* End PBXSourcesBuildPhase section */

/* Begin PBXTargetDependency section */
		2EC953FE1A38D4FC00238ABD /* PBXTargetDependency */ = {
			isa = PBXTargetDependency;
			target = 2EC953E31A38D4FC00238ABD /* Sjovaderprognos */;
			targetProxy = 2EC953FD1A38D4FC00238ABD /* PBXContainerItemProxy */;
		};
/* End PBXTargetDependency section */

/* Begin PBXVariantGroup section */
		2EC953F01A38D4FC00238ABD /* Main.storyboard */ = {
			isa = PBXVariantGroup;
			children = (
				2EC953F11A38D4FC00238ABD /* Base */,
			);
			name = Main.storyboard;
			sourceTree = "<group>";
		};
		2EC953F51A38D4FC00238ABD /* LaunchScreen.xib */ = {
			isa = PBXVariantGroup;
			children = (
				2EC953F61A38D4FC00238ABD /* Base */,
			);
			name = LaunchScreen.xib;
			sourceTree = "<group>";
		};
/* End PBXVariantGroup section */

/* Begin XCBuildConfiguration section */
		2EC954041A38D4FC00238ABD /* Debug */ = {
			isa = XCBuildConfiguration;
			buildSettings = {
				ALWAYS_SEARCH_USER_PATHS = NO;
				CLANG_CXX_LANGUAGE_STANDARD = "gnu++0x";
				CLANG_CXX_LIBRARY = "libc++";
				CLANG_ENABLE_MODULES = YES;
				CLANG_ENABLE_OBJC_ARC = YES;
				CLANG_WARN_BOOL_CONVERSION = YES;
				CLANG_WARN_CONSTANT_CONVERSION = YES;
				CLANG_WARN_DIRECT_OBJC_ISA_USAGE = YES_ERROR;
				CLANG_WARN_EMPTY_BODY = YES;
				CLANG_WARN_ENUM_CONVERSION = YES;
				CLANG_WARN_INT_CONVERSION = YES;
				CLANG_WARN_OBJC_ROOT_CLASS = YES_ERROR;
				CLANG_WARN_UNREACHABLE_CODE = YES;
				CLANG_WARN__DUPLICATE_METHOD_MATCH = YES;
				"CODE_SIGN_IDENTITY[sdk=iphoneos*]" = "iPhone Developer";
				COPY_PHASE_STRIP = NO;
				ENABLE_STRICT_OBJC_MSGSEND = YES;
				GCC_C_LANGUAGE_STANDARD = gnu99;
				GCC_DYNAMIC_NO_PIC = NO;
				GCC_OPTIMIZATION_LEVEL = 0;
				GCC_PREPROCESSOR_DEFINITIONS = (
					"DEBUG=1",
					"$(inherited)",
				);
				GCC_SYMBOLS_PRIVATE_EXTERN = NO;
				GCC_WARN_64_TO_32_BIT_CONVERSION = YES;
				GCC_WARN_ABOUT_RETURN_TYPE = YES_ERROR;
				GCC_WARN_UNDECLARED_SELECTOR = YES;
				GCC_WARN_UNINITIALIZED_AUTOS = YES_AGGRESSIVE;
				GCC_WARN_UNUSED_FUNCTION = YES;
				GCC_WARN_UNUSED_VARIABLE = YES;
				IPHONEOS_DEPLOYMENT_TARGET = 8.1;
				MTL_ENABLE_DEBUG_INFO = YES;
				ONLY_ACTIVE_ARCH = YES;
				SDKROOT = iphoneos;
				SWIFT_OPTIMIZATION_LEVEL = "-Onone";
				TARGETED_DEVICE_FAMILY = "1,2";
			};
			name = Debug;
		};
		2EC954051A38D4FC00238ABD /* Release */ = {
			isa = XCBuildConfiguration;
			buildSettings = {
				ALWAYS_SEARCH_USER_PATHS = NO;
				CLANG_CXX_LANGUAGE_STANDARD = "gnu++0x";
				CLANG_CXX_LIBRARY = "libc++";
				CLANG_ENABLE_MODULES = YES;
				CLANG_ENABLE_OBJC_ARC = YES;
				CLANG_WARN_BOOL_CONVERSION = YES;
				CLANG_WARN_CONSTANT_CONVERSION = YES;
				CLANG_WARN_DIRECT_OBJC_ISA_USAGE = YES_ERROR;
				CLANG_WARN_EMPTY_BODY = YES;
				CLANG_WARN_ENUM_CONVERSION = YES;
				CLANG_WARN_INT_CONVERSION = YES;
				CLANG_WARN_OBJC_ROOT_CLASS = YES_ERROR;
				CLANG_WARN_UNREACHABLE_CODE = YES;
				CLANG_WARN__DUPLICATE_METHOD_MATCH = YES;
				"CODE_SIGN_IDENTITY[sdk=iphoneos*]" = "iPhone Developer";
				COPY_PHASE_STRIP = YES;
				ENABLE_NS_ASSERTIONS = NO;
				ENABLE_STRICT_OBJC_MSGSEND = YES;
				GCC_C_LANGUAGE_STANDARD = gnu99;
				GCC_WARN_64_TO_32_BIT_CONVERSION = YES;
				GCC_WARN_ABOUT_RETURN_TYPE = YES_ERROR;
				GCC_WARN_UNDECLARED_SELECTOR = YES;
				GCC_WARN_UNINITIALIZED_AUTOS = YES_AGGRESSIVE;
				GCC_WARN_UNUSED_FUNCTION = YES;
				GCC_WARN_UNUSED_VARIABLE = YES;
				IPHONEOS_DEPLOYMENT_TARGET = 8.1;
				MTL_ENABLE_DEBUG_INFO = NO;
				SDKROOT = iphoneos;
				TARGETED_DEVICE_FAMILY = "1,2";
				VALIDATE_PRODUCT = YES;
			};
			name = Release;
		};
		2EC954071A38D4FC00238ABD /* Debug */ = {
			isa = XCBuildConfiguration;
			buildSettings = {
				ASSETCATALOG_COMPILER_APPICON_NAME = AppIcon;
				INFOPLIST_FILE = Sjovaderprognos/Info.plist;
				LD_RUNPATH_SEARCH_PATHS = "$(inherited) @executable_path/Frameworks";
				PRODUCT_NAME = "$(TARGET_NAME)";
			};
			name = Debug;
		};
		2EC954081A38D4FC00238ABD /* Release */ = {
			isa = XCBuildConfiguration;
			buildSettings = {
				ASSETCATALOG_COMPILER_APPICON_NAME = AppIcon;
				INFOPLIST_FILE = Sjovaderprognos/Info.plist;
				LD_RUNPATH_SEARCH_PATHS = "$(inherited) @executable_path/Frameworks";
				PRODUCT_NAME = "$(TARGET_NAME)";
			};
			name = Release;
		};
		2EC9540A1A38D4FC00238ABD /* Debug */ = {
			isa = XCBuildConfiguration;
			buildSettings = {
				BUNDLE_LOADER = "$(TEST_HOST)";
				FRAMEWORK_SEARCH_PATHS = (
					"$(SDKROOT)/Developer/Library/Frameworks",
					"$(inherited)",
				);
				GCC_PREPROCESSOR_DEFINITIONS = (
					"DEBUG=1",
					"$(inherited)",
				);
				INFOPLIST_FILE = SjovaderprognosTests/Info.plist;
				LD_RUNPATH_SEARCH_PATHS = "$(inherited) @executable_path/Frameworks @loader_path/Frameworks";
				PRODUCT_NAME = "$(TARGET_NAME)";
				TEST_HOST = "$(BUILT_PRODUCTS_DIR)/Sjovaderprognos.app/Sjovaderprognos";
			};
			name = Debug;
		};
		2EC9540B1A38D4FC00238ABD /* Release */ = {
			isa = XCBuildConfiguration;
			buildSettings = {
				BUNDLE_LOADER = "$(TEST_HOST)";
				FRAMEWORK_SEARCH_PATHS = (
					"$(SDKROOT)/Developer/Library/Frameworks",
					"$(inherited)",
				);
				INFOPLIST_FILE = SjovaderprognosTests/Info.plist;
				LD_RUNPATH_SEARCH_PATHS = "$(inherited) @executable_path/Frameworks @loader_path/Frameworks";
				PRODUCT_NAME = "$(TARGET_NAME)";
				TEST_HOST = "$(BUILT_PRODUCTS_DIR)/Sjovaderprognos.app/Sjovaderprognos";
			};
			name = Release;
		};
/* End XCBuildConfiguration section */

/* Begin XCConfigurationList section */
		2EC953DF1A38D4FC00238ABD /* Build configuration list for PBXProject "Sjovaderprognos" */ = {
			isa = XCConfigurationList;
			buildConfigurations = (
				2EC954041A38D4FC00238ABD /* Debug */,
				2EC954051A38D4FC00238ABD /* Release */,
			);
			defaultConfigurationIsVisible = 0;
			defaultConfigurationName = Release;
		};
		2EC954061A38D4FC00238ABD /* Build configuration list for PBXNativeTarget "Sjovaderprognos" */ = {
			isa = XCConfigurationList;
			buildConfigurations = (
				2EC954071A38D4FC00238ABD /* Debug */,
				2EC954081A38D4FC00238ABD /* Release */,
			);
			defaultConfigurationIsVisible = 0;
		};
		2EC954091A38D4FC00238ABD /* Build configuration list for PBXNativeTarget "SjovaderprognosTests" */ = {
			isa = XCConfigurationList;
			buildConfigurations = (
				2EC9540A1A38D4FC00238ABD /* Debug */,
				2EC9540B1A38D4FC00238ABD /* Release */,
			);
			defaultConfigurationIsVisible = 0;
		};
/* End XCConfigurationList section */

/* Begin XCVersionGroup section */
		2EC953EB1A38D4FC00238ABD /* Sjovaderprognos.xcdatamodeld */ = {
			isa = XCVersionGroup;
			children = (
				2EC953EC1A38D4FC00238ABD /* Sjovaderprognos.xcdatamodel */,
			);
			currentVersion = 2EC953EC1A38D4FC00238ABD /* Sjovaderprognos.xcdatamodel */;
			path = Sjovaderprognos.xcdatamodeld;
			sourceTree = "<group>";
			versionGroupType = wrapper.xcdatamodel;
		};
/* End XCVersionGroup section */
	};
	rootObject = 2EC953DC1A38D4FC00238ABD /* Project object */;
}
